
Microsoft Visual Studio Solution File, Format Version 12.00
# Visual Studio Version 17
VisualStudioVersion = 17.4.33213.308
MinimumVisualStudioVersion = 10.0.40219.1
Project("{FAE04EC0-301F-11D3-BF4B-00C04F79EFBC}") = "bnv-IMS", "bnv-IMS.csproj", "{F715F22D-78A0-470C-9056-F78359C7554E}"
EndProject
Global
	GlobalSection(SolutionConfigurationPlatforms) = preSolution
		Debug|Any CPU = Debug|Any CPU
		Release|Any CPU = Release|Any CPU
	EndGlobalSection
	GlobalSection(ProjectConfigurationPlatforms) = postSolution
		{F715F22D-78A0-470C-9056-F78359C7554E}.Debug|Any CPU.ActiveCfg = Debug|Any CPU
		{F715F22D-78A0-470C-9056-F78359C7554E}.Debug|Any CPU.Build.0 = Debug|Any CPU
		{F715F22D-78A0-470C-9056-F78359C7554E}.Release|Any CPU.ActiveCfg = Release|Any CPU
		{F715F22D-78A0-470C-9056-F78359C7554E}.Release|Any CPU.Build.0 = Release|Any CPU
	EndGlobalSection
	GlobalSection(SolutionProperties) = preSolution
		HideSolutionNode = FALSE
	EndGlobalSection
	GlobalSection(ExtensibilityGlobals) = postSolution
		SolutionGuid = {682C5EE2-A341-4B63-893F-C632211D664F}
	EndGlobalSection
EndGlobal
